
Microsoft Visual Studio Solution File, Format Version 12.00
# Visual Studio Version 17
VisualStudioVersion = 17.13.35828.75 d17.13
MinimumVisualStudioVersion = 10.0.40219.1
Project("{FAE04EC0-301F-11D3-BF4B-00C04F79EFBC}") = "InventoryViews", "InventoryViews\InventoryViews.csproj", "{0F0B091A-DDB1-474A-8B30-70427F50E503}"
EndProject
Global
	GlobalSection(SolutionConfigurationPlatforms) = preSolution
		Debug|Any CPU = Debug|Any CPU
		Release|Any CPU = Release|Any CPU
	EndGlobalSection
	GlobalSection(ProjectConfigurationPlatforms) = postSolution
		{0F0B091A-DDB1-474A-8B30-70427F50E503}.Debug|Any CPU.ActiveCfg = Debug|Any CPU
		{0F0B091A-DDB1-474A-8B30-70427F50E503}.Debug|Any CPU.Build.0 = Debug|Any CPU
		{0F0B091A-DDB1-474A-8B30-70427F50E503}.Release|Any CPU.ActiveCfg = Release|Any CPU
		{0F0B091A-DDB1-474A-8B30-70427F50E503}.Release|Any CPU.Build.0 = Release|Any CPU
	EndGlobalSection
	GlobalSection(SolutionProperties) = preSolution
		HideSolutionNode = FALSE
	EndGlobalSection
	GlobalSection(ExtensibilityGlobals) = postSolution
		SolutionGuid = {2E0C060A-072F-4FF9-8A1F-89B66D53A36F}
	EndGlobalSection
EndGlobal
